<Solution>
  <Project Path="ShiroBot.Model.QQ/ShiroBot.Model.QQ.csproj" />
  <Folder Name="/SDK/">
    <Project Path="ShiroBot.SDK/ShiroBot.SDK.csproj" />
  </Folder>
  <Folder Name="/Verification/">
    <Project Path="ShiroBot.Verification/ShiroBot.Verification.csproj" />
  </Folder>
  <Project Path="ShiroBot/ShiroBot.csproj" />
</Solution>
