<Solution>
  <Folder Name="/Models/">
    <Project Path="Models/Discord/ShiroBot.Model.Discord.csproj" />
    <Project Path="Models/QQ/ShiroBot.Model.QQ.csproj" />
    <Project Path="Models/Telegram/ShiroBot.Model.Telegram.csproj" />
  </Folder>
  <Folder Name="/Packaging/">
    <Project Path="Packaging/ShiroBot.SDK.Package/ShiroBot.SDK.Package.csproj" />
  </Folder>
  <Folder Name="/SDK/">
    <Project Path="SDK/ShiroBot.SDK.csproj" />
  </Folder>
  <Folder Name="/Tests/">
    <Project Path="Tests/Verification/ShiroBot.Verification.csproj" />
  </Folder>
  <Folder Name="/Templates/">
    <Project Path="Templates/ShiroBot.Templates/ShiroBot.Templates.csproj" />
  </Folder>
  <Project Path="Core/ShiroBot.csproj" />
</Solution>
