<Solution>
  <Project Path="ShiroBot.Model/ShiroBot.Model.csproj" />
  <Folder Name="/SDK/">
    <Project Path="ShiroBot.SDK/ShiroBot.SDK.csproj" />
    <Project Path="ShiroBot.AvaloniaSdk/ShiroBot.AvaloniaSdk.csproj" />
  </Folder>
  <Folder Name="/Verification/">
    <Project Path="ShiroBot.LegacyPluginFixture/ShiroBot.LegacyPluginFixture.csproj" />
    <Project Path="ShiroBot.Verification/ShiroBot.Verification.csproj" />
  </Folder>
  <Project Path="ShiroBot/ShiroBot.csproj" />
</Solution>
